{
  "name": "ajs-hw-browser-use",
  "version": "1.0.0",
  "lockfileVersion": 2,
  "requires": true,
  "packages": {
    "": {
      "name": "ajs-hw-browser-use",
      "version": "1.0.0",
      "license": "ISC",
      "dependencies": {
        "@sinsl/ajs-hw-browser": "^1.0.0"
      }
    },
    "node_modules/@sinsl/ajs-hw-browser": {
      "version": "1.0.0",
      "resolved": "https://npm.pkg.github.com/download/@sinsl/ajs-hw-browser/1.0.0/9b6bad16335aa0decf8be3c2dd496d2228fc38d9",
      "integrity": "sha512-SZAUzXZf0k2Kvc+NfZ41L/bElGTOAvWj1455UBeBesB/SyaLDATehPg1v6odDea2+gMRunuRruv9UDOuMfBdcg==",
      "license": "ISC"
    }
  },
  "dependencies": {
    "@sinsl/ajs-hw-browser": {
      "version": "1.0.0",
      "resolved": "https://npm.pkg.github.com/download/@sinsl/ajs-hw-browser/1.0.0/9b6bad16335aa0decf8be3c2dd496d2228fc38d9",
      "integrity": "sha512-SZAUzXZf0k2Kvc+NfZ41L/bElGTOAvWj1455UBeBesB/SyaLDATehPg1v6odDea2+gMRunuRruv9UDOuMfBdcg=="
    }
  }
}
